// !$*UTF8*$!
{
	archiveVersion = 1;
	classes = {
	};
	objectVersion = 50;
	objects = {

/* Begin PBXBuildFile section */
		CD827876255668FD00AC359A /* AppDelegate.swift in Sources */ = {isa = PBXBuildFile; fileRef = CD827875255668FD00AC359A /* AppDelegate.swift */; };
		CD827878255668FD00AC359A /* SceneDelegate.swift in Sources */ = {isa = PBXBuildFile; fileRef = CD827877255668FD00AC359A /* SceneDelegate.swift */; };
		CD82787A255668FD00AC359A /* ViewController.swift in Sources */ = {isa = PBXBuildFile; fileRef = CD827879255668FD00AC359A /* ViewController.swift */; };
		CD82787D255668FE00AC359A /* Main.storyboard in Resources */ = {isa = PBXBuildFile; fileRef = CD82787B255668FE00AC359A /* Main.storyboard */; };
		CD827880255668FE00AC359A /* SpecialTechniquesiOS.xcdatamodeld in Sources */ = {isa = PBXBuildFile; fileRef = CD82787E255668FE00AC359A /* SpecialTechniquesiOS.xcdatamodeld */; };
		CD8278822556690100AC359A /* Assets.xcassets in Resources */ = {isa = PBXBuildFile; fileRef = CD8278812556690100AC359A /* Assets.xcassets */; };
		CD8278852556690100AC359A /* LaunchScreen.storyboard in Resources */ = {isa = PBXBuildFile; fileRef = CD8278832556690100AC359A /* LaunchScreen.storyboard */; };
		CD8278902556690100AC359A /* SpecialTechniquesiOSTests.swift in Sources */ = {isa = PBXBuildFile; fileRef = CD82788F2556690100AC359A /* SpecialTechniquesiOSTests.swift */; };
		CD82789B2556690200AC359A /* SpecialTechniquesiOSUITests.swift in Sources */ = {isa = PBXBuildFile; fileRef = CD82789A2556690200AC359A /* SpecialTechniquesiOSUITests.swift */; };
/* End PBXBuildFile section */

/* Begin PBXContainerItemProxy section */
		CD82788C2556690100AC359A /* PBXContainerItemProxy */ = {
			isa = PBXContainerItemProxy;
			containerPortal = CD82786A255668FD00AC359A /* Project object */;
			proxyType = 1;
			remoteGlobalIDString = CD827871255668FD00AC359A;
			remoteInfo = SpecialTechniquesiOS;
		};
		CD8278972556690200AC359A /* PBXContainerItemProxy */ = {
			isa = PBXContainerItemProxy;
			containerPortal = CD82786A255668FD00AC359A /* Project object */;
			proxyType = 1;
			remoteGlobalIDString = CD827871255668FD00AC359A;
			remoteInfo = SpecialTechniquesiOS;
		};
/* End PBXContainerItemProxy section */

/* Begin PBXFileReference section */
		CD827872255668FD00AC359A /* SpecialTechniquesiOS.app */ = {isa = PBXFileReference; explicitFileType = wrapper.application; includeInIndex = 0; path = SpecialTechniquesiOS.app; sourceTree = BUILT_PRODUCTS_DIR; };
		CD827875255668FD00AC359A /* AppDelegate.swift */ = {isa = PBXFileReference; lastKnownFileType = sourcecode.swift; path = AppDelegate.swift; sourceTree = "<group>"; };
		CD827877255668FD00AC359A /* SceneDelegate.swift */ = {isa = PBXFileReference; lastKnownFileType = sourcecode.swift; path = SceneDelegate.swift; sourceTree = "<group>"; };
		CD827879255668FD00AC359A /* ViewController.swift */ = {isa = PBXFileReference; lastKnownFileType = sourcecode.swift; path = ViewController.swift; sourceTree = "<group>"; };
		CD82787C255668FE00AC359A /* Base */ = {isa = PBXFileReference; lastKnownFileType = file.storyboard; name = Base; path = Base.lproj/Main.storyboard; sourceTree = "<group>"; };
		CD82787F255668FE00AC359A /* SpecialTechniquesiOS.xcdatamodel */ = {isa = PBXFileReference; lastKnownFileType = wrapper.xcdatamodel; path = SpecialTechniquesiOS.xcdatamodel; sourceTree = "<group>"; };
		CD8278812556690100AC359A /* Assets.xcassets */ = {isa = PBXFileReference; lastKnownFileType = folder.assetcatalog; path = Assets.xcassets; sourceTree = "<group>"; };
		CD8278842556690100AC359A /* Base */ = {isa = PBXFileReference; lastKnownFileType = file.storyboard; name = Base; path = Base.lproj/LaunchScreen.storyboard; sourceTree = "<group>"; };
		CD8278862556690100AC359A /* Info.plist */ = {isa = PBXFileReference; lastKnownFileType = text.plist.xml; path = Info.plist; sourceTree = "<group>"; };
		CD82788B2556690100AC359A /* SpecialTechniquesiOSTests.xctest */ = {isa = PBXFileReference; explicitFileType = wrapper.cfbundle; includeInIndex = 0; path = SpecialTechniquesiOSTests.xctest; sourceTree = BUILT_PRODUCTS_DIR; };
		CD82788F2556690100AC359A /* SpecialTechniquesiOSTests.swift */ = {isa = PBXFileReference; lastKnownFileType = sourcecode.swift; path = SpecialTechniquesiOSTests.swift; sourceTree = "<group>"; };
		CD8278912556690200AC359A /* Info.plist */ = {isa = PBXFileReference; lastKnownFileType = text.plist.xml; path = Info.plist; sourceTree = "<group>"; };
		CD8278962556690200AC359A /* SpecialTechniquesiOSUITests.xctest */ = {isa = PBXFileReference; explicitFileType = wrapper.cfbundle; includeInIndex = 0; path = SpecialTechniquesiOSUITests.xctest; sourceTree = BUILT_PRODUCTS_DIR; };
		CD82789A2556690200AC359A /* SpecialTechniquesiOSUITests.swift */ = {isa = PBXFileReference; lastKnownFileType = sourcecode.swift; path = SpecialTechniquesiOSUITests.swift; sourceTree = "<group>"; };
		CD82789C2556690200AC359A /* Info.plist */ = {isa = PBXFileReference; lastKnownFileType = text.plist.xml; path = Info.plist; sourceTree = "<group>"; };
/* End PBXFileReference section */

/* Begin PBXFrameworksBuildPhase section */
		CD82786F255668FD00AC359A /* Frameworks */ = {
			isa = PBXFrameworksBuildPhase;
			buildActionMask = 2147483647;
			files = (
			);
			runOnlyForDeploymentPostprocessing = 0;
		};
		CD8278882556690100AC359A /* Frameworks */ = {
			isa = PBXFrameworksBuildPhase;
			buildActionMask = 2147483647;
			files = (
			);
			runOnlyForDeploymentPostprocessing = 0;
		};
		CD8278932556690200AC359A /* Frameworks */ = {
			isa = PBXFrameworksBuildPhase;
			buildActionMask = 2147483647;
			files = (
			);
			runOnlyForDeploymentPostprocessing = 0;
		};
/* End PBXFrameworksBuildPhase section */

/* Begin PBXGroup section */
		CD827869255668FD00AC359A = {
			isa = PBXGroup;
			children = (
				CD827874255668FD00AC359A /* SpecialTechniquesiOS */,
				CD82788E2556690100AC359A /* SpecialTechniquesiOSTests */,
				CD8278992556690200AC359A /* SpecialTechniquesiOSUITests */,
				CD827873255668FD00AC359A /* Products */,
			);
			sourceTree = "<group>";
		};
		CD827873255668FD00AC359A /* Products */ = {
			isa = PBXGroup;
			children = (
				CD827872255668FD00AC359A /* SpecialTechniquesiOS.app */,
				CD82788B2556690100AC359A /* SpecialTechniquesiOSTests.xctest */,
				CD8278962556690200AC359A /* SpecialTechniquesiOSUITests.xctest */,
			);
			name = Products;
			sourceTree = "<group>";
		};
		CD827874255668FD00AC359A /* SpecialTechniquesiOS */ = {
			isa = PBXGroup;
			children = (
				CD827875255668FD00AC359A /* AppDelegate.swift */,
				CD827877255668FD00AC359A /* SceneDelegate.swift */,
				CD827879255668FD00AC359A /* ViewController.swift */,
				CD82787B255668FE00AC359A /* Main.storyboard */,
				CD8278812556690100AC359A /* Assets.xcassets */,
				CD8278832556690100AC359A /* LaunchScreen.storyboard */,
				CD8278862556690100AC359A /* Info.plist */,
				CD82787E255668FE00AC359A /* SpecialTechniquesiOS.xcdatamodeld */,
			);
			path = SpecialTechniquesiOS;
			sourceTree = "<group>";
		};
		CD82788E2556690100AC359A /* SpecialTechniquesiOSTests */ = {
			isa = PBXGroup;
			children = (
				CD82788F2556690100AC359A /* SpecialTechniquesiOSTests.swift */,
				CD8278912556690200AC359A /* Info.plist */,
			);
			path = SpecialTechniquesiOSTests;
			sourceTree = "<group>";
		};
		CD8278992556690200AC359A /* SpecialTechniquesiOSUITests */ = {
			isa = PBXGroup;
			children = (
				CD82789A2556690200AC359A /* SpecialTechniquesiOSUITests.swift */,
				CD82789C2556690200AC359A /* Info.plist */,
			);
			path = SpecialTechniquesiOSUITests;
			sourceTree = "<group>";
		};
/* End PBXGroup section */

/* Begin PBXNativeTarget section */
		CD827871255668FD00AC359A /* SpecialTechniquesiOS */ = {
			isa = PBXNativeTarget;
			buildConfigurationList = CD82789F2556690200AC359A /* Build configuration list for PBXNativeTarget "SpecialTechniquesiOS" */;
			buildPhases = (
				CD82786E255668FD00AC359A /* Sources */,
				CD82786F255668FD00AC359A /* Frameworks */,
				CD827870255668FD00AC359A /* Resources */,
			);
			buildRules = (
			);
			dependencies = (
			);
			name = SpecialTechniquesiOS;
			productName = SpecialTechniquesiOS;
			productReference = CD827872255668FD00AC359A /* SpecialTechniquesiOS.app */;
			productType = "com.apple.product-type.application";
		};
		CD82788A2556690100AC359A /* SpecialTechniquesiOSTests */ = {
			isa = PBXNativeTarget;
			buildConfigurationList = CD8278A22556690200AC359A /* Build configuration list for PBXNativeTarget "SpecialTechniquesiOSTests" */;
			buildPhases = (
				CD8278872556690100AC359A /* Sources */,
				CD8278882556690100AC359A /* Frameworks */,
				CD8278892556690100AC359A /* Resources */,
			);
			buildRules = (
			);
			dependencies = (
				CD82788D2556690100AC359A /* PBXTargetDependency */,
			);
			name = SpecialTechniquesiOSTests;
			productName = SpecialTechniquesiOSTests;
			productReference = CD82788B2556690100AC359A /* SpecialTechniquesiOSTests.xctest */;
			productType = "com.apple.product-type.bundle.unit-test";
		};
		CD8278952556690200AC359A /* SpecialTechniquesiOSUITests */ = {
			isa = PBXNativeTarget;
			buildConfigurationList = CD8278A52556690200AC359A /* Build configuration list for PBXNativeTarget "SpecialTechniquesiOSUITests" */;
			buildPhases = (
				CD8278922556690200AC359A /* Sources */,
				CD8278932556690200AC359A /* Frameworks */,
				CD8278942556690200AC359A /* Resources */,
			);
			buildRules = (
			);
			dependencies = (
				CD8278982556690200AC359A /* PBXTargetDependency */,
			);
			name = SpecialTechniquesiOSUITests;
			productName = SpecialTechniquesiOSUITests;
			productReference = CD8278962556690200AC359A /* SpecialTechniquesiOSUITests.xctest */;
			productType = "com.apple.product-type.bundle.ui-testing";
		};
/* End PBXNativeTarget section */

/* Begin PBXProject section */
		CD82786A255668FD00AC359A /* Project object */ = {
			isa = PBXProject;
			attributes = {
				LastSwiftUpdateCheck = 1210;
				LastUpgradeCheck = 1210;
				TargetAttributes = {
					CD827871255668FD00AC359A = {
						CreatedOnToolsVersion = 12.1;
					};
					CD82788A2556690100AC359A = {
						CreatedOnToolsVersion = 12.1;
						TestTargetID = CD827871255668FD00AC359A;
					};
					CD8278952556690200AC359A = {
						CreatedOnToolsVersion = 12.1;
						TestTargetID = CD827871255668FD00AC359A;
					};
				};
			};
			buildConfigurationList = CD82786D255668FD00AC359A /* Build configuration list for PBXProject "SpecialTechniquesiOS" */;
			compatibilityVersion = "Xcode 9.3";
			developmentRegion = en;
			hasScannedForEncodings = 0;
			knownRegions = (
				en,
				Base,
			);
			mainGroup = CD827869255668FD00AC359A;
			productRefGroup = CD827873255668FD00AC359A /* Products */;
			projectDirPath = "";
			projectRoot = "";
			targets = (
				CD827871255668FD00AC359A /* SpecialTechniquesiOS */,
				CD82788A2556690100AC359A /* SpecialTechniquesiOSTests */,
				CD8278952556690200AC359A /* SpecialTechniquesiOSUITests */,
			);
		};
/* End PBXProject section */

/* Begin PBXResourcesBuildPhase section */
		CD827870255668FD00AC359A /* Resources */ = {
			isa = PBXResourcesBuildPhase;
			buildActionMask = 2147483647;
			files = (
				CD8278852556690100AC359A /* LaunchScreen.storyboard in Resources */,
				CD8278822556690100AC359A /* Assets.xcassets in Resources */,
				CD82787D255668FE00AC359A /* Main.storyboard in Resources */,
			);
			runOnlyForDeploymentPostprocessing = 0;
		};
		CD8278892556690100AC359A /* Resources */ = {
			isa = PBXResourcesBuildPhase;
			buildActionMask = 2147483647;
			files = (
			);
			runOnlyForDeploymentPostprocessing = 0;
		};
		CD8278942556690200AC359A /* Resources */ = {
			isa = PBXResourcesBuildPhase;
			buildActionMask = 2147483647;
			files = (
			);
			runOnlyForDeploymentPostprocessing = 0;
		};
/* End PBXResourcesBuildPhase section */

/* Begin PBXSourcesBuildPhase section */
		CD82786E255668FD00AC359A /* Sources */ = {
			isa = PBXSourcesBuildPhase;
			buildActionMask = 2147483647;
			files = (
				CD82787A255668FD00AC359A /* ViewController.swift in Sources */,
				CD827876255668FD00AC359A /* AppDelegate.swift in Sources */,
				CD827880255668FE00AC359A /* SpecialTechniquesiOS.xcdatamodeld in Sources */,
				CD827878255668FD00AC359A /* SceneDelegate.swift in Sources */,
			);
			runOnlyForDeploymentPostprocessing = 0;
		};
		CD8278872556690100AC359A /* Sources */ = {
			isa = PBXSourcesBuildPhase;
			buildActionMask = 2147483647;
			files = (
				CD8278902556690100AC359A /* SpecialTechniquesiOSTests.swift in Sources */,
			);
			runOnlyForDeploymentPostprocessing = 0;
		};
		CD8278922556690200AC359A /* Sources */ = {
			isa = PBXSourcesBuildPhase;
			buildActionMask = 2147483647;
			files = (
				CD82789B2556690200AC359A /* SpecialTechniquesiOSUITests.swift in Sources */,
			);
			runOnlyForDeploymentPostprocessing = 0;
		};
/* End PBXSourcesBuildPhase section */

/* Begin PBXTargetDependency section */
		CD82788D2556690100AC359A /* PBXTargetDependency */ = {
			isa = PBXTargetDependency;
			target = CD827871255668FD00AC359A /* SpecialTechniquesiOS */;
			targetProxy = CD82788C2556690100AC359A /* PBXContainerItemProxy */;
		};
		CD8278982556690200AC359A /* PBXTargetDependency */ = {
			isa = PBXTargetDependency;
			target = CD827871255668FD00AC359A /* SpecialTechniquesiOS */;
			targetProxy = CD8278972556690200AC359A /* PBXContainerItemProxy */;
		};
/* End PBXTargetDependency section */

/* Begin PBXVariantGroup section */
		CD82787B255668FE00AC359A /* Main.storyboard */ = {
			isa = PBXVariantGroup;
			children = (
				CD82787C255668FE00AC359A /* Base */,
			);
			name = Main.storyboard;
			sourceTree = "<group>";
		};
		CD8278832556690100AC359A /* LaunchScreen.storyboard */ = {
			isa = PBXVariantGroup;
			children = (
				CD8278842556690100AC359A /* Base */,
			);
			name = LaunchScreen.storyboard;
			sourceTree = "<group>";
		};
/* End PBXVariantGroup section */

/* Begin XCBuildConfiguration section */
		CD82789D2556690200AC359A /* Debug */ = {
			isa = XCBuildConfiguration;
			buildSettings = {
				ALWAYS_SEARCH_USER_PATHS = NO;
				CLANG_ANALYZER_NONNULL = YES;
				CLANG_ANALYZER_NUMBER_OBJECT_CONVERSION = YES_AGGRESSIVE;
				CLANG_CXX_LANGUAGE_STANDARD = "gnu++14";
				CLANG_CXX_LIBRARY = "libc++";
				CLANG_ENABLE_MODULES = YES;
				CLANG_ENABLE_OBJC_ARC = YES;
				CLANG_ENABLE_OBJC_WEAK = YES;
				CLANG_WARN_BLOCK_CAPTURE_AUTORELEASING = YES;
				CLANG_WARN_BOOL_CONVERSION = YES;
				CLANG_WARN_COMMA = YES;
				CLANG_WARN_CONSTANT_CONVERSION = YES;
				CLANG_WARN_DEPRECATED_OBJC_IMPLEMENTATIONS = YES;
				CLANG_WARN_DIRECT_OBJC_ISA_USAGE = YES_ERROR;
				CLANG_WARN_DOCUMENTATION_COMMENTS = YES;
				CLANG_WARN_EMPTY_BODY = YES;
				CLANG_WARN_ENUM_CONVERSION = YES;
				CLANG_WARN_INFINITE_RECURSION = YES;
				CLANG_WARN_INT_CONVERSION = YES;
				CLANG_WARN_NON_LITERAL_NULL_CONVERSION = YES;
				CLANG_WARN_OBJC_IMPLICIT_RETAIN_SELF = YES;
				CLANG_WARN_OBJC_LITERAL_CONVERSION = YES;
				CLANG_WARN_OBJC_ROOT_CLASS = YES_ERROR;
				CLANG_WARN_QUOTED_INCLUDE_IN_FRAMEWORK_HEADER = YES;
				CLANG_WARN_RANGE_LOOP_ANALYSIS = YES;
				CLANG_WARN_STRICT_PROTOTYPES = YES;
				CLANG_WARN_SUSPICIOUS_MOVE = YES;
				CLANG_WARN_UNGUARDED_AVAILABILITY = YES_AGGRESSIVE;
				CLANG_WARN_UNREACHABLE_CODE = YES;
				CLANG_WARN__DUPLICATE_METHOD_MATCH = YES;
				COPY_PHASE_STRIP = NO;
				DEBUG_INFORMATION_FORMAT = dwarf;
				ENABLE_STRICT_OBJC_MSGSEND = YES;
				ENABLE_TESTABILITY = YES;
				GCC_C_LANGUAGE_STANDARD = gnu11;
				GCC_DYNAMIC_NO_PIC = NO;
				GCC_NO_COMMON_BLOCKS = YES;
				GCC_OPTIMIZATION_LEVEL = 0;
				GCC_PREPROCESSOR_DEFINITIONS = (
					"DEBUG=1",
					"$(inherited)",
				);
				GCC_WARN_64_TO_32_BIT_CONVERSION = YES;
				GCC_WARN_ABOUT_RETURN_TYPE = YES_ERROR;
				GCC_WARN_UNDECLARED_SELECTOR = YES;
				GCC_WARN_UNINITIALIZED_AUTOS = YES_AGGRESSIVE;
				GCC_WARN_UNUSED_FUNCTION = YES;
				GCC_WARN_UNUSED_VARIABLE = YES;
				IPHONEOS_DEPLOYMENT_TARGET = 14.1;
				MTL_ENABLE_DEBUG_INFO = INCLUDE_SOURCE;
				MTL_FAST_MATH = YES;
				ONLY_ACTIVE_ARCH = YES;
				SDKROOT = iphoneos;
				SWIFT_ACTIVE_COMPILATION_CONDITIONS = DEBUG;
				SWIFT_OPTIMIZATION_LEVEL = "-Onone";
			};
			name = Debug;
		};
		CD82789E2556690200AC359A /* Release */ = {
			isa = XCBuildConfiguration;
			buildSettings = {
				ALWAYS_SEARCH_USER_PATHS = NO;
				CLANG_ANALYZER_NONNULL = YES;
				CLANG_ANALYZER_NUMBER_OBJECT_CONVERSION = YES_AGGRESSIVE;
				CLANG_CXX_LANGUAGE_STANDARD = "gnu++14";
				CLANG_CXX_LIBRARY = "libc++";
				CLANG_ENABLE_MODULES = YES;
				CLANG_ENABLE_OBJC_ARC = YES;
				CLANG_ENABLE_OBJC_WEAK = YES;
				CLANG_WARN_BLOCK_CAPTURE_AUTORELEASING = YES;
				CLANG_WARN_BOOL_CONVERSION = YES;
				CLANG_WARN_COMMA = YES;
				CLANG_WARN_CONSTANT_CONVERSION = YES;
				CLANG_WARN_DEPRECATED_OBJC_IMPLEMENTATIONS = YES;
				CLANG_WARN_DIRECT_OBJC_ISA_USAGE = YES_ERROR;
				CLANG_WARN_DOCUMENTATION_COMMENTS = YES;
				CLANG_WARN_EMPTY_BODY = YES;
				CLANG_WARN_ENUM_CONVERSION = YES;
				CLANG_WARN_INFINITE_RECURSION = YES;
				CLANG_WARN_INT_CONVERSION = YES;
				CLANG_WARN_NON_LITERAL_NULL_CONVERSION = YES;
				CLANG_WARN_OBJC_IMPLICIT_RETAIN_SELF = YES;
				CLANG_WARN_OBJC_LITERAL_CONVERSION = YES;
				CLANG_WARN_OBJC_ROOT_CLASS = YES_ERROR;
				CLANG_WARN_QUOTED_INCLUDE_IN_FRAMEWORK_HEADER = YES;
				CLANG_WARN_RANGE_LOOP_ANALYSIS = YES;
				CLANG_WARN_STRICT_PROTOTYPES = YES;
				CLANG_WARN_SUSPICIOUS_MOVE = YES;
				CLANG_WARN_UNGUARDED_AVAILABILITY = YES_AGGRESSIVE;
				CLANG_WARN_UNREACHABLE_CODE = YES;
				CLANG_WARN__DUPLICATE_METHOD_MATCH = YES;
				COPY_PHASE_STRIP = NO;
				DEBUG_INFORMATION_FORMAT = "dwarf-with-dsym";
				ENABLE_NS_ASSERTIONS = NO;
				ENABLE_STRICT_OBJC_MSGSEND = YES;
				GCC_C_LANGUAGE_STANDARD = gnu11;
				GCC_NO_COMMON_BLOCKS = YES;
				GCC_WARN_64_TO_32_BIT_CONVERSION = YES;
				GCC_WARN_ABOUT_RETURN_TYPE = YES_ERROR;
				GCC_WARN_UNDECLARED_SELECTOR = YES;
				GCC_WARN_UNINITIALIZED_AUTOS = YES_AGGRESSIVE;
				GCC_WARN_UNUSED_FUNCTION = YES;
				GCC_WARN_UNUSED_VARIABLE = YES;
				IPHONEOS_DEPLOYMENT_TARGET = 14.1;
				MTL_ENABLE_DEBUG_INFO = NO;
				MTL_FAST_MATH = YES;
				SDKROOT = iphoneos;
				SWIFT_COMPILATION_MODE = wholemodule;
				SWIFT_OPTIMIZATION_LEVEL = "-O";
				VALIDATE_PRODUCT = YES;
			};
			name = Release;
		};
		CD8278A02556690200AC359A /* Debug */ = {
			isa = XCBuildConfiguration;
			buildSettings = {
				ASSETCATALOG_COMPILER_APPICON_NAME = AppIcon;
				ASSETCATALOG_COMPILER_GLOBAL_ACCENT_COLOR_NAME = AccentColor;
				CODE_SIGN_STYLE = Automatic;
				INFOPLIST_FILE = SpecialTechniquesiOS/Info.plist;
				LD_RUNPATH_SEARCH_PATHS = (
					"$(inherited)",
					"@executable_path/Frameworks",
				);
				PRODUCT_BUNDLE_IDENTIFIER = com.randikawann.SpecialTechniquesiOS;
				PRODUCT_NAME = "$(TARGET_NAME)";
				SWIFT_VERSION = 5.0;
				TARGETED_DEVICE_FAMILY = "1,2";
			};
			name = Debug;
		};
		CD8278A12556690200AC359A /* Release */ = {
			isa = XCBuildConfiguration;
			buildSettings = {
				ASSETCATALOG_COMPILER_APPICON_NAME = AppIcon;
				ASSETCATALOG_COMPILER_GLOBAL_ACCENT_COLOR_NAME = AccentColor;
				CODE_SIGN_STYLE = Automatic;
				INFOPLIST_FILE = SpecialTechniquesiOS/Info.plist;
				LD_RUNPATH_SEARCH_PATHS = (
					"$(inherited)",
					"@executable_path/Frameworks",
				);
				PRODUCT_BUNDLE_IDENTIFIER = com.randikawann.SpecialTechniquesiOS;
				PRODUCT_NAME = "$(TARGET_NAME)";
				SWIFT_VERSION = 5.0;
				TARGETED_DEVICE_FAMILY = "1,2";
			};
			name = Release;
		};
		CD8278A32556690200AC359A /* Debug */ = {
			isa = XCBuildConfiguration;
			buildSettings = {
				ALWAYS_EMBED_SWIFT_STANDARD_LIBRARIES = YES;
				BUNDLE_LOADER = "$(TEST_HOST)";
				CODE_SIGN_STYLE = Automatic;
				INFOPLIST_FILE = SpecialTechniquesiOSTests/Info.plist;
				IPHONEOS_DEPLOYMENT_TARGET = 14.1;
				LD_RUNPATH_SEARCH_PATHS = (
					"$(inherited)",
					"@executable_path/Frameworks",
					"@loader_path/Frameworks",
				);
				PRODUCT_BUNDLE_IDENTIFIER = com.randikawann.SpecialTechniquesiOSTests;
				PRODUCT_NAME = "$(TARGET_NAME)";
				SWIFT_VERSION = 5.0;
				TARGETED_DEVICE_FAMILY = "1,2";
				TEST_HOST = "$(BUILT_PRODUCTS_DIR)/SpecialTechniquesiOS.app/SpecialTechniquesiOS";
			};
			name = Debug;
		};
		CD8278A42556690200AC359A /* Release */ = {
			isa = XCBuildConfiguration;
			buildSettings = {
				ALWAYS_EMBED_SWIFT_STANDARD_LIBRARIES = YES;
				BUNDLE_LOADER = "$(TEST_HOST)";
				CODE_SIGN_STYLE = Automatic;
				INFOPLIST_FILE = SpecialTechniquesiOSTests/Info.plist;
				IPHONEOS_DEPLOYMENT_TARGET = 14.1;
				LD_RUNPATH_SEARCH_PATHS = (
					"$(inherited)",
					"@executable_path/Frameworks",
					"@loader_path/Frameworks",
				);
				PRODUCT_BUNDLE_IDENTIFIER = com.randikawann.SpecialTechniquesiOSTests;
				PRODUCT_NAME = "$(TARGET_NAME)";
				SWIFT_VERSION = 5.0;
				TARGETED_DEVICE_FAMILY = "1,2";
				TEST_HOST = "$(BUILT_PRODUCTS_DIR)/SpecialTechniquesiOS.app/SpecialTechniquesiOS";
			};
			name = Release;
		};
		CD8278A62556690200AC359A /* Debug */ = {
			isa = XCBuildConfiguration;
			buildSettings = {
				ALWAYS_EMBED_SWIFT_STANDARD_LIBRARIES = YES;
				CODE_SIGN_STYLE = Automatic;
				INFOPLIST_FILE = SpecialTechniquesiOSUITests/Info.plist;
				LD_RUNPATH_SEARCH_PATHS = (
					"$(inherited)",
					"@executable_path/Frameworks",
					"@loader_path/Frameworks",
				);
				PRODUCT_BUNDLE_IDENTIFIER = com.randikawann.SpecialTechniquesiOSUITests;
				PRODUCT_NAME = "$(TARGET_NAME)";
				SWIFT_VERSION = 5.0;
				TARGETED_DEVICE_FAMILY = "1,2";
				TEST_TARGET_NAME = SpecialTechniquesiOS;
			};
			name = Debug;
		};
		CD8278A72556690200AC359A /* Release */ = {
			isa = XCBuildConfiguration;
			buildSettings = {
				ALWAYS_EMBED_SWIFT_STANDARD_LIBRARIES = YES;
				CODE_SIGN_STYLE = Automatic;
				INFOPLIST_FILE = SpecialTechniquesiOSUITests/Info.plist;
				LD_RUNPATH_SEARCH_PATHS = (
					"$(inherited)",
					"@executable_path/Frameworks",
					"@loader_path/Frameworks",
				);
				PRODUCT_BUNDLE_IDENTIFIER = com.randikawann.SpecialTechniquesiOSUITests;
				PRODUCT_NAME = "$(TARGET_NAME)";
				SWIFT_VERSION = 5.0;
				TARGETED_DEVICE_FAMILY = "1,2";
				TEST_TARGET_NAME = SpecialTechniquesiOS;
			};
			name = Release;
		};
/* End XCBuildConfiguration section */

/* Begin XCConfigurationList section */
		CD82786D255668FD00AC359A /* Build configuration list for PBXProject "SpecialTechniquesiOS" */ = {
			isa = XCConfigurationList;
			buildConfigurations = (
				CD82789D2556690200AC359A /* Debug */,
				CD82789E2556690200AC359A /* Release */,
			);
			defaultConfigurationIsVisible = 0;
			defaultConfigurationName = Release;
		};
		CD82789F2556690200AC359A /* Build configuration list for PBXNativeTarget "SpecialTechniquesiOS" */ = {
			isa = XCConfigurationList;
			buildConfigurations = (
				CD8278A02556690200AC359A /* Debug */,
				CD8278A12556690200AC359A /* Release */,
			);
			defaultConfigurationIsVisible = 0;
			defaultConfigurationName = Release;
		};
		CD8278A22556690200AC359A /* Build configuration list for PBXNativeTarget "SpecialTechniquesiOSTests" */ = {
			isa = XCConfigurationList;
			buildConfigurations = (
				CD8278A32556690200AC359A /* Debug */,
				CD8278A42556690200AC359A /* Release */,
			);
			defaultConfigurationIsVisible = 0;
			defaultConfigurationName = Release;
		};
		CD8278A52556690200AC359A /* Build configuration list for PBXNativeTarget "SpecialTechniquesiOSUITests" */ = {
			isa = XCConfigurationList;
			buildConfigurations = (
				CD8278A62556690200AC359A /* Debug */,
				CD8278A72556690200AC359A /* Release */,
			);
			defaultConfigurationIsVisible = 0;
			defaultConfigurationName = Release;
		};
/* End XCConfigurationList section */

/* Begin XCVersionGroup section */
		CD82787E255668FE00AC359A /* SpecialTechniquesiOS.xcdatamodeld */ = {
			isa = XCVersionGroup;
			children = (
				CD82787F255668FE00AC359A /* SpecialTechniquesiOS.xcdatamodel */,
			);
			currentVersion = CD82787F255668FE00AC359A /* SpecialTechniquesiOS.xcdatamodel */;
			path = SpecialTechniquesiOS.xcdatamodeld;
			sourceTree = "<group>";
			versionGroupType = wrapper.xcdatamodel;
		};
/* End XCVersionGroup section */
	};
	rootObject = CD82786A255668FD00AC359A /* Project object */;
}
